{
  "nodes": {
    "libtropic": {
      "flake": false,
      "locked": {
        "lastModified": 1776761462,
        "narHash": "sha256-Ap+wa05RgDO0UMofBBmhDQ30dLKUmYDlpJ1FvqTgEhU=",
        "owner": "tropicsquare",
        "repo": "libtropic",
        "rev": "51044cdc2e0aabff42305130b344c5db3136f158",
        "type": "github"
      },
      "original": {
        "owner": "tropicsquare",
        "repo": "libtropic",
        "rev": "51044cdc2e0aabff42305130b344c5db3136f158",
        "type": "github"
      }
    },
    "nixpkgs": {
      "locked": {
        "lastModified": 1777578337,
        "narHash": "sha256-Ad49moKWeXtKBJNy2ebiTQUEgdLyvGmTeykAQ9xM+Z4=",
        "owner": "NixOS",
        "repo": "nixpkgs",
        "rev": "15f4ee454b1dce334612fa6843b3e05cf546efab",
        "type": "github"
      },
      "original": {
        "owner": "NixOS",
        "ref": "nixos-unstable",
        "repo": "nixpkgs",
        "type": "github"
      }
    },
    "root": {
      "inputs": {
        "libtropic": "libtropic",
        "nixpkgs": "nixpkgs"
      }
    }
  },
  "root": "root",
  "version": 7
}
